
Microsoft Visual Studio Solution File, Format Version 12.00
# Visual Studio Version 16
VisualStudioVersion = 16.0.29613.14
MinimumVisualStudioVersion = 10.0.40219.1
Project("{FAE04EC0-301F-11D3-BF4B-00C04F79EFBC}") = "FlappyBird", "FlappyBird\FlappyBird.csproj", "{22CE530E-AC37-4115-974D-DB921FD385E9}"
EndProject
Global
	GlobalSection(SolutionConfigurationPlatforms) = preSolution
		Debug|Any CPU = Debug|Any CPU
		Release|Any CPU = Release|Any CPU
	EndGlobalSection
	GlobalSection(ProjectConfigurationPlatforms) = postSolution
		{22CE530E-AC37-4115-974D-DB921FD385E9}.Debug|Any CPU.ActiveCfg = Debug|Any CPU
		{22CE530E-AC37-4115-974D-DB921FD385E9}.Debug|Any CPU.Build.0 = Debug|Any CPU
		{22CE530E-AC37-4115-974D-DB921FD385E9}.Release|Any CPU.ActiveCfg = Release|Any CPU
		{22CE530E-AC37-4115-974D-DB921FD385E9}.Release|Any CPU.Build.0 = Release|Any CPU
	EndGlobalSection
	GlobalSection(SolutionProperties) = preSolution
		HideSolutionNode = FALSE
	EndGlobalSection
	GlobalSection(ExtensibilityGlobals) = postSolution
		SolutionGuid = {35920BF0-E0AB-482A-930A-B01D1C5BD796}
	EndGlobalSection
EndGlobal
